
Microsoft Visual Studio Solution File, Format Version 12.00
# Visual Studio Version 17
VisualStudioVersion = 17.0.31903.59
MinimumVisualStudioVersion = 10.0.40219.1
Project("{2150E333-8FDC-42A3-9474-1A3956D46DE8}") = "src", "src", "{827E0CD3-B72D-47B6-A68D-7590B98EB39B}"
EndProject
Project("{FAE04EC0-301F-11D3-BF4B-00C04F79EFBC}") = "BitcoinTradingBot.Web", "src\BitcoinTradingBot.Web\BitcoinTradingBot.Web.csproj", "{27101E72-3D60-4207-BAC9-ABF1EA7D9D0F}"
EndProject
Project("{FAE04EC0-301F-11D3-BF4B-00C04F79EFBC}") = "BitcoinTradingBot.Core", "src\BitcoinTradingBot.Core\BitcoinTradingBot.Core.csproj", "{CE188424-A9B0-4C7D-A4A6-49EC60508E50}"
EndProject
Project("{2150E333-8FDC-42A3-9474-1A3956D46DE8}") = "BitcoinTradingBot.Modules", "BitcoinTradingBot.Modules", "{399A4CC9-03C3-72DF-BE3C-94BFC5456990}"
EndProject
Project("{FAE04EC0-301F-11D3-BF4B-00C04F79EFBC}") = "MarketData", "src\BitcoinTradingBot.Modules\MarketData\MarketData.csproj", "{5379C429-9AB1-44DD-8401-072B89295059}"
EndProject
Project("{FAE04EC0-301F-11D3-BF4B-00C04F79EFBC}") = "Strategy", "src\BitcoinTradingBot.Modules\Strategy\Strategy.csproj", "{4F6F290A-7F3E-4369-A97A-E246D42913DF}"
EndProject
Project("{FAE04EC0-301F-11D3-BF4B-00C04F79EFBC}") = "Risk", "src\BitcoinTradingBot.Modules\Risk\Risk.csproj", "{DF8697CB-2A04-48C6-BD30-D4967DABCFAC}"
EndProject
Project("{FAE04EC0-301F-11D3-BF4B-00C04F79EFBC}") = "Execution", "src\BitcoinTradingBot.Modules\Execution\Execution.csproj", "{043F985B-8108-4AE3-B125-249C64BDD577}"
EndProject
Project("{FAE04EC0-301F-11D3-BF4B-00C04F79EFBC}") = "Analytics", "src\BitcoinTradingBot.Modules\Analytics\Analytics.csproj", "{4ABBE69C-744B-44A9-95E8-7113CC01AA01}"
EndProject
Project("{FAE04EC0-301F-11D3-BF4B-00C04F79EFBC}") = "Notifications", "src\BitcoinTradingBot.Modules\Notifications\Notifications.csproj", "{F528DFA9-540B-4A0C-9EAB-200EF7A8C3F2}"
EndProject
Project("{2150E333-8FDC-42A3-9474-1A3956D46DE8}") = "tests", "tests", "{0AB3BF05-4346-4AA6-1389-037BE0695223}"
EndProject
Project("{FAE04EC0-301F-11D3-BF4B-00C04F79EFBC}") = "BitcoinTradingBot.UnitTests", "tests\BitcoinTradingBot.UnitTests\BitcoinTradingBot.UnitTests.csproj", "{44D7B8BB-2AB4-4A71-80FE-563DD3842309}"
EndProject
Project("{FAE04EC0-301F-11D3-BF4B-00C04F79EFBC}") = "BitcoinTradingBot.IntegrationTests", "tests\BitcoinTradingBot.IntegrationTests\BitcoinTradingBot.IntegrationTests.csproj", "{9745C972-426C-46BD-BC97-EB398D0E178A}"
EndProject
Project("{FAE04EC0-301F-11D3-BF4B-00C04F79EFBC}") = "BitcoinTradingBot.ArchitectureTests", "tests\BitcoinTradingBot.ArchitectureTests\BitcoinTradingBot.ArchitectureTests.csproj", "{73134764-C01E-4624-9B1E-0E8574131554}"
EndProject
Global
	GlobalSection(SolutionConfigurationPlatforms) = preSolution
		Debug|Any CPU = Debug|Any CPU
		Debug|x64 = Debug|x64
		Debug|x86 = Debug|x86
		Release|Any CPU = Release|Any CPU
		Release|x64 = Release|x64
		Release|x86 = Release|x86
	EndGlobalSection
	GlobalSection(ProjectConfigurationPlatforms) = postSolution
		{27101E72-3D60-4207-BAC9-ABF1EA7D9D0F}.Debug|Any CPU.ActiveCfg = Debug|Any CPU
		{27101E72-3D60-4207-BAC9-ABF1EA7D9D0F}.Debug|Any CPU.Build.0 = Debug|Any CPU
		{27101E72-3D60-4207-BAC9-ABF1EA7D9D0F}.Debug|x64.ActiveCfg = Debug|Any CPU
		{27101E72-3D60-4207-BAC9-ABF1EA7D9D0F}.Debug|x64.Build.0 = Debug|Any CPU
		{27101E72-3D60-4207-BAC9-ABF1EA7D9D0F}.Debug|x86.ActiveCfg = Debug|Any CPU
		{27101E72-3D60-4207-BAC9-ABF1EA7D9D0F}.Debug|x86.Build.0 = Debug|Any CPU
		{27101E72-3D60-4207-BAC9-ABF1EA7D9D0F}.Release|Any CPU.ActiveCfg = Release|Any CPU
		{27101E72-3D60-4207-BAC9-ABF1EA7D9D0F}.Release|Any CPU.Build.0 = Release|Any CPU
		{27101E72-3D60-4207-BAC9-ABF1EA7D9D0F}.Release|x64.ActiveCfg = Release|Any CPU
		{27101E72-3D60-4207-BAC9-ABF1EA7D9D0F}.Release|x64.Build.0 = Release|Any CPU
		{27101E72-3D60-4207-BAC9-ABF1EA7D9D0F}.Release|x86.ActiveCfg = Release|Any CPU
		{27101E72-3D60-4207-BAC9-ABF1EA7D9D0F}.Release|x86.Build.0 = Release|Any CPU
		{CE188424-A9B0-4C7D-A4A6-49EC60508E50}.Debug|Any CPU.ActiveCfg = Debug|Any CPU
		{CE188424-A9B0-4C7D-A4A6-49EC60508E50}.Debug|Any CPU.Build.0 = Debug|Any CPU
		{CE188424-A9B0-4C7D-A4A6-49EC60508E50}.Debug|x64.ActiveCfg = Debug|Any CPU
		{CE188424-A9B0-4C7D-A4A6-49EC60508E50}.Debug|x64.Build.0 = Debug|Any CPU
		{CE188424-A9B0-4C7D-A4A6-49EC60508E50}.Debug|x86.ActiveCfg = Debug|Any CPU
		{CE188424-A9B0-4C7D-A4A6-49EC60508E50}.Debug|x86.Build.0 = Debug|Any CPU
		{CE188424-A9B0-4C7D-A4A6-49EC60508E50}.Release|Any CPU.ActiveCfg = Release|Any CPU
		{CE188424-A9B0-4C7D-A4A6-49EC60508E50}.Release|Any CPU.Build.0 = Release|Any CPU
		{CE188424-A9B0-4C7D-A4A6-49EC60508E50}.Release|x64.ActiveCfg = Release|Any CPU
		{CE188424-A9B0-4C7D-A4A6-49EC60508E50}.Release|x64.Build.0 = Release|Any CPU
		{CE188424-A9B0-4C7D-A4A6-49EC60508E50}.Release|x86.ActiveCfg = Release|Any CPU
		{CE188424-A9B0-4C7D-A4A6-49EC60508E50}.Release|x86.Build.0 = Release|Any CPU
		{5379C429-9AB1-44DD-8401-072B89295059}.Debug|Any CPU.ActiveCfg = Debug|Any CPU
		{5379C429-9AB1-44DD-8401-072B89295059}.Debug|Any CPU.Build.0 = Debug|Any CPU
		{5379C429-9AB1-44DD-8401-072B89295059}.Debug|x64.ActiveCfg = Debug|Any CPU
		{5379C429-9AB1-44DD-8401-072B89295059}.Debug|x64.Build.0 = Debug|Any CPU
		{5379C429-9AB1-44DD-8401-072B89295059}.Debug|x86.ActiveCfg = Debug|Any CPU
		{5379C429-9AB1-44DD-8401-072B89295059}.Debug|x86.Build.0 = Debug|Any CPU
		{5379C429-9AB1-44DD-8401-072B89295059}.Release|Any CPU.ActiveCfg = Release|Any CPU
		{5379C429-9AB1-44DD-8401-072B89295059}.Release|Any CPU.Build.0 = Release|Any CPU
		{5379C429-9AB1-44DD-8401-072B89295059}.Release|x64.ActiveCfg = Release|Any CPU
		{5379C429-9AB1-44DD-8401-072B89295059}.Release|x64.Build.0 = Release|Any CPU
		{5379C429-9AB1-44DD-8401-072B89295059}.Release|x86.ActiveCfg = Release|Any CPU
		{5379C429-9AB1-44DD-8401-072B89295059}.Release|x86.Build.0 = Release|Any CPU
		{4F6F290A-7F3E-4369-A97A-E246D42913DF}.Debug|Any CPU.ActiveCfg = Debug|Any CPU
		{4F6F290A-7F3E-4369-A97A-E246D42913DF}.Debug|Any CPU.Build.0 = Debug|Any CPU
		{4F6F290A-7F3E-4369-A97A-E246D42913DF}.Debug|x64.ActiveCfg = Debug|Any CPU
		{4F6F290A-7F3E-4369-A97A-E246D42913DF}.Debug|x64.Build.0 = Debug|Any CPU
		{4F6F290A-7F3E-4369-A97A-E246D42913DF}.Debug|x86.ActiveCfg = Debug|Any CPU
		{4F6F290A-7F3E-4369-A97A-E246D42913DF}.Debug|x86.Build.0 = Debug|Any CPU
		{4F6F290A-7F3E-4369-A97A-E246D42913DF}.Release|Any CPU.ActiveCfg = Release|Any CPU
		{4F6F290A-7F3E-4369-A97A-E246D42913DF}.Release|Any CPU.Build.0 = Release|Any CPU
		{4F6F290A-7F3E-4369-A97A-E246D42913DF}.Release|x64.ActiveCfg = Release|Any CPU
		{4F6F290A-7F3E-4369-A97A-E246D42913DF}.Release|x64.Build.0 = Release|Any CPU
		{4F6F290A-7F3E-4369-A97A-E246D42913DF}.Release|x86.ActiveCfg = Release|Any CPU
		{4F6F290A-7F3E-4369-A97A-E246D42913DF}.Release|x86.Build.0 = Release|Any CPU
		{DF8697CB-2A04-48C6-BD30-D4967DABCFAC}.Debug|Any CPU.ActiveCfg = Debug|Any CPU
		{DF8697CB-2A04-48C6-BD30-D4967DABCFAC}.Debug|Any CPU.Build.0 = Debug|Any CPU
		{DF8697CB-2A04-48C6-BD30-D4967DABCFAC}.Debug|x64.ActiveCfg = Debug|Any CPU
		{DF8697CB-2A04-48C6-BD30-D4967DABCFAC}.Debug|x64.Build.0 = Debug|Any CPU
		{DF8697CB-2A04-48C6-BD30-D4967DABCFAC}.Debug|x86.ActiveCfg = Debug|Any CPU
		{DF8697CB-2A04-48C6-BD30-D4967DABCFAC}.Debug|x86.Build.0 = Debug|Any CPU
		{DF8697CB-2A04-48C6-BD30-D4967DABCFAC}.Release|Any CPU.ActiveCfg = Release|Any CPU
		{DF8697CB-2A04-48C6-BD30-D4967DABCFAC}.Release|Any CPU.Build.0 = Release|Any CPU
		{DF8697CB-2A04-48C6-BD30-D4967DABCFAC}.Release|x64.ActiveCfg = Release|Any CPU
		{DF8697CB-2A04-48C6-BD30-D4967DABCFAC}.Release|x64.Build.0 = Release|Any CPU
		{DF8697CB-2A04-48C6-BD30-D4967DABCFAC}.Release|x86.ActiveCfg = Release|Any CPU
		{DF8697CB-2A04-48C6-BD30-D4967DABCFAC}.Release|x86.Build.0 = Release|Any CPU
		{043F985B-8108-4AE3-B125-249C64BDD577}.Debug|Any CPU.ActiveCfg = Debug|Any CPU
		{043F985B-8108-4AE3-B125-249C64BDD577}.Debug|Any CPU.Build.0 = Debug|Any CPU
		{043F985B-8108-4AE3-B125-249C64BDD577}.Debug|x64.ActiveCfg = Debug|Any CPU
		{043F985B-8108-4AE3-B125-249C64BDD577}.Debug|x64.Build.0 = Debug|Any CPU
		{043F985B-8108-4AE3-B125-249C64BDD577}.Debug|x86.ActiveCfg = Debug|Any CPU
		{043F985B-8108-4AE3-B125-249C64BDD577}.Debug|x86.Build.0 = Debug|Any CPU
		{043F985B-8108-4AE3-B125-249C64BDD577}.Release|Any CPU.ActiveCfg = Release|Any CPU
		{043F985B-8108-4AE3-B125-249C64BDD577}.Release|Any CPU.Build.0 = Release|Any CPU
		{043F985B-8108-4AE3-B125-249C64BDD577}.Release|x64.ActiveCfg = Release|Any CPU
		{043F985B-8108-4AE3-B125-249C64BDD577}.Release|x64.Build.0 = Release|Any CPU
		{043F985B-8108-4AE3-B125-249C64BDD577}.Release|x86.ActiveCfg = Release|Any CPU
		{043F985B-8108-4AE3-B125-249C64BDD577}.Release|x86.Build.0 = Release|Any CPU
		{4ABBE69C-744B-44A9-95E8-7113CC01AA01}.Debug|Any CPU.ActiveCfg = Debug|Any CPU
		{4ABBE69C-744B-44A9-95E8-7113CC01AA01}.Debug|Any CPU.Build.0 = Debug|Any CPU
		{4ABBE69C-744B-44A9-95E8-7113CC01AA01}.Debug|x64.ActiveCfg = Debug|Any CPU
		{4ABBE69C-744B-44A9-95E8-7113CC01AA01}.Debug|x64.Build.0 = Debug|Any CPU
		{4ABBE69C-744B-44A9-95E8-7113CC01AA01}.Debug|x86.ActiveCfg = Debug|Any CPU
		{4ABBE69C-744B-44A9-95E8-7113CC01AA01}.Debug|x86.Build.0 = Debug|Any CPU
		{4ABBE69C-744B-44A9-95E8-7113CC01AA01}.Release|Any CPU.ActiveCfg = Release|Any CPU
		{4ABBE69C-744B-44A9-95E8-7113CC01AA01}.Release|Any CPU.Build.0 = Release|Any CPU
		{4ABBE69C-744B-44A9-95E8-7113CC01AA01}.Release|x64.ActiveCfg = Release|Any CPU
		{4ABBE69C-744B-44A9-95E8-7113CC01AA01}.Release|x64.Build.0 = Release|Any CPU
		{4ABBE69C-744B-44A9-95E8-7113CC01AA01}.Release|x86.ActiveCfg = Release|Any CPU
		{4ABBE69C-744B-44A9-95E8-7113CC01AA01}.Release|x86.Build.0 = Release|Any CPU
		{F528DFA9-540B-4A0C-9EAB-200EF7A8C3F2}.Debug|Any CPU.ActiveCfg = Debug|Any CPU
		{F528DFA9-540B-4A0C-9EAB-200EF7A8C3F2}.Debug|Any CPU.Build.0 = Debug|Any CPU
		{F528DFA9-540B-4A0C-9EAB-200EF7A8C3F2}.Debug|x64.ActiveCfg = Debug|Any CPU
		{F528DFA9-540B-4A0C-9EAB-200EF7A8C3F2}.Debug|x64.Build.0 = Debug|Any CPU
		{F528DFA9-540B-4A0C-9EAB-200EF7A8C3F2}.Debug|x86.ActiveCfg = Debug|Any CPU
		{F528DFA9-540B-4A0C-9EAB-200EF7A8C3F2}.Debug|x86.Build.0 = Debug|Any CPU
		{F528DFA9-540B-4A0C-9EAB-200EF7A8C3F2}.Release|Any CPU.ActiveCfg = Release|Any CPU
		{F528DFA9-540B-4A0C-9EAB-200EF7A8C3F2}.Release|Any CPU.Build.0 = Release|Any CPU
		{F528DFA9-540B-4A0C-9EAB-200EF7A8C3F2}.Release|x64.ActiveCfg = Release|Any CPU
		{F528DFA9-540B-4A0C-9EAB-200EF7A8C3F2}.Release|x64.Build.0 = Release|Any CPU
		{F528DFA9-540B-4A0C-9EAB-200EF7A8C3F2}.Release|x86.ActiveCfg = Release|Any CPU
		{F528DFA9-540B-4A0C-9EAB-200EF7A8C3F2}.Release|x86.Build.0 = Release|Any CPU
		{44D7B8BB-2AB4-4A71-80FE-563DD3842309}.Debug|Any CPU.ActiveCfg = Debug|Any CPU
		{44D7B8BB-2AB4-4A71-80FE-563DD3842309}.Debug|Any CPU.Build.0 = Debug|Any CPU
		{44D7B8BB-2AB4-4A71-80FE-563DD3842309}.Debug|x64.ActiveCfg = Debug|Any CPU
		{44D7B8BB-2AB4-4A71-80FE-563DD3842309}.Debug|x64.Build.0 = Debug|Any CPU
		{44D7B8BB-2AB4-4A71-80FE-563DD3842309}.Debug|x86.ActiveCfg = Debug|Any CPU
		{44D7B8BB-2AB4-4A71-80FE-563DD3842309}.Debug|x86.Build.0 = Debug|Any CPU
		{44D7B8BB-2AB4-4A71-80FE-563DD3842309}.Release|Any CPU.ActiveCfg = Release|Any CPU
		{44D7B8BB-2AB4-4A71-80FE-563DD3842309}.Release|Any CPU.Build.0 = Release|Any CPU
		{44D7B8BB-2AB4-4A71-80FE-563DD3842309}.Release|x64.ActiveCfg = Release|Any CPU
		{44D7B8BB-2AB4-4A71-80FE-563DD3842309}.Release|x64.Build.0 = Release|Any CPU
		{44D7B8BB-2AB4-4A71-80FE-563DD3842309}.Release|x86.ActiveCfg = Release|Any CPU
		{44D7B8BB-2AB4-4A71-80FE-563DD3842309}.Release|x86.Build.0 = Release|Any CPU
		{9745C972-426C-46BD-BC97-EB398D0E178A}.Debug|Any CPU.ActiveCfg = Debug|Any CPU
		{9745C972-426C-46BD-BC97-EB398D0E178A}.Debug|Any CPU.Build.0 = Debug|Any CPU
		{9745C972-426C-46BD-BC97-EB398D0E178A}.Debug|x64.ActiveCfg = Debug|Any CPU
		{9745C972-426C-46BD-BC97-EB398D0E178A}.Debug|x64.Build.0 = Debug|Any CPU
		{9745C972-426C-46BD-BC97-EB398D0E178A}.Debug|x86.ActiveCfg = Debug|Any CPU
		{9745C972-426C-46BD-BC97-EB398D0E178A}.Debug|x86.Build.0 = Debug|Any CPU
		{9745C972-426C-46BD-BC97-EB398D0E178A}.Release|Any CPU.ActiveCfg = Release|Any CPU
		{9745C972-426C-46BD-BC97-EB398D0E178A}.Release|Any CPU.Build.0 = Release|Any CPU
		{9745C972-426C-46BD-BC97-EB398D0E178A}.Release|x64.ActiveCfg = Release|Any CPU
		{9745C972-426C-46BD-BC97-EB398D0E178A}.Release|x64.Build.0 = Release|Any CPU
		{9745C972-426C-46BD-BC97-EB398D0E178A}.Release|x86.ActiveCfg = Release|Any CPU
		{9745C972-426C-46BD-BC97-EB398D0E178A}.Release|x86.Build.0 = Release|Any CPU
		{73134764-C01E-4624-9B1E-0E8574131554}.Debug|Any CPU.ActiveCfg = Debug|Any CPU
		{73134764-C01E-4624-9B1E-0E8574131554}.Debug|Any CPU.Build.0 = Debug|Any CPU
		{73134764-C01E-4624-9B1E-0E8574131554}.Debug|x64.ActiveCfg = Debug|Any CPU
		{73134764-C01E-4624-9B1E-0E8574131554}.Debug|x64.Build.0 = Debug|Any CPU
		{73134764-C01E-4624-9B1E-0E8574131554}.Debug|x86.ActiveCfg = Debug|Any CPU
		{73134764-C01E-4624-9B1E-0E8574131554}.Debug|x86.Build.0 = Debug|Any CPU
		{73134764-C01E-4624-9B1E-0E8574131554}.Release|Any CPU.ActiveCfg = Release|Any CPU
		{73134764-C01E-4624-9B1E-0E8574131554}.Release|Any CPU.Build.0 = Release|Any CPU
		{73134764-C01E-4624-9B1E-0E8574131554}.Release|x64.ActiveCfg = Release|Any CPU
		{73134764-C01E-4624-9B1E-0E8574131554}.Release|x64.Build.0 = Release|Any CPU
		{73134764-C01E-4624-9B1E-0E8574131554}.Release|x86.ActiveCfg = Release|Any CPU
		{73134764-C01E-4624-9B1E-0E8574131554}.Release|x86.Build.0 = Release|Any CPU
	EndGlobalSection
	GlobalSection(SolutionProperties) = preSolution
		HideSolutionNode = FALSE
	EndGlobalSection
	GlobalSection(NestedProjects) = preSolution
		{27101E72-3D60-4207-BAC9-ABF1EA7D9D0F} = {827E0CD3-B72D-47B6-A68D-7590B98EB39B}
		{CE188424-A9B0-4C7D-A4A6-49EC60508E50} = {827E0CD3-B72D-47B6-A68D-7590B98EB39B}
		{399A4CC9-03C3-72DF-BE3C-94BFC5456990} = {827E0CD3-B72D-47B6-A68D-7590B98EB39B}
		{5379C429-9AB1-44DD-8401-072B89295059} = {399A4CC9-03C3-72DF-BE3C-94BFC5456990}
		{4F6F290A-7F3E-4369-A97A-E246D42913DF} = {399A4CC9-03C3-72DF-BE3C-94BFC5456990}
		{DF8697CB-2A04-48C6-BD30-D4967DABCFAC} = {399A4CC9-03C3-72DF-BE3C-94BFC5456990}
		{043F985B-8108-4AE3-B125-249C64BDD577} = {399A4CC9-03C3-72DF-BE3C-94BFC5456990}
		{4ABBE69C-744B-44A9-95E8-7113CC01AA01} = {399A4CC9-03C3-72DF-BE3C-94BFC5456990}
		{F528DFA9-540B-4A0C-9EAB-200EF7A8C3F2} = {399A4CC9-03C3-72DF-BE3C-94BFC5456990}
		{44D7B8BB-2AB4-4A71-80FE-563DD3842309} = {0AB3BF05-4346-4AA6-1389-037BE0695223}
		{9745C972-426C-46BD-BC97-EB398D0E178A} = {0AB3BF05-4346-4AA6-1389-037BE0695223}
		{73134764-C01E-4624-9B1E-0E8574131554} = {0AB3BF05-4346-4AA6-1389-037BE0695223}
	EndGlobalSection
EndGlobal
